
Microsoft Visual Studio Solution File, Format Version 12.00
# Visual Studio Version 17
VisualStudioVersion = 17.10.35013.160
MinimumVisualStudioVersion = 10.0.40219.1
Project("{FAE04EC0-301F-11D3-BF4B-00C04F79EFBC}") = "AI_MatchBill_DemoWeb", "AI_MatchBill_DemoWeb\AI_MatchBill_DemoWeb.csproj", "{941FB040-3212-4643-8C46-A61F44CC7EA8}"
EndProject
Global
	GlobalSection(SolutionConfigurationPlatforms) = preSolution
		Debug|Any CPU = Debug|Any CPU
		Release|Any CPU = Release|Any CPU
	EndGlobalSection
	GlobalSection(ProjectConfigurationPlatforms) = postSolution
		{941FB040-3212-4643-8C46-A61F44CC7EA8}.Debug|Any CPU.ActiveCfg = Debug|Any CPU
		{941FB040-3212-4643-8C46-A61F44CC7EA8}.Debug|Any CPU.Build.0 = Debug|Any CPU
		{941FB040-3212-4643-8C46-A61F44CC7EA8}.Release|Any CPU.ActiveCfg = Release|Any CPU
		{941FB040-3212-4643-8C46-A61F44CC7EA8}.Release|Any CPU.Build.0 = Release|Any CPU
	EndGlobalSection
	GlobalSection(SolutionProperties) = preSolution
		HideSolutionNode = FALSE
	EndGlobalSection
	GlobalSection(ExtensibilityGlobals) = postSolution
		SolutionGuid = {ABF1F95C-5EC1-450C-8AC8-9167237FAC39}
	EndGlobalSection
EndGlobal
